// !$*UTF8*$!
{
	archiveVersion = 1;
	classes = {
	};
	objectVersion = 56;
	objects = {

/* Begin PBXBuildFile section */
		0897ED782FACA082317279F6 /* Pods_HomeNystagmusMonitoriOS.framework in Frameworks */ = {isa = PBXBuildFile; fileRef = 6166AAB26526CD2FFD6A0921 /* Pods_HomeNystagmusMonitoriOS.framework */; };
		230C8D9B790C4EC7C84787E2 /* EyeRegionView.swift in Sources */ = {isa = PBXBuildFile; fileRef = 19F3C72918B400C94556199C /* EyeRegionView.swift */; };
		389EDB8807AAB41A08D8898A /* EyeRegion.swift in Sources */ = {isa = PBXBuildFile; fileRef = 6B25FADAB8CBD7BD5F9187D4 /* EyeRegion.swift */; };
		A10100000000000000000001 /* HomeNystagmusMonitoriOSApp.swift in Sources */ = {isa = PBXBuildFile; fileRef = A10200000000000000000001 /* HomeNystagmusMonitoriOSApp.swift */; };
		A10100000000000000000002 /* AnalysisModels.swift in Sources */ = {isa = PBXBuildFile; fileRef = A10200000000000000000002 /* AnalysisModels.swift */; };
		A10100000000000000000003 /* VideoAnalysisService.swift in Sources */ = {isa = PBXBuildFile; fileRef = A10200000000000000000003 /* VideoAnalysisService.swift */; };
		A10100000000000000000004 /* CameraVideoPicker.swift in Sources */ = {isa = PBXBuildFile; fileRef = A10200000000000000000004 /* CameraVideoPicker.swift */; };
		A10100000000000000000005 /* ContentView.swift in Sources */ = {isa = PBXBuildFile; fileRef = A10200000000000000000005 /* ContentView.swift */; };
		A10100000000000000000006 /* CaptureStartView.swift in Sources */ = {isa = PBXBuildFile; fileRef = A10200000000000000000006 /* CaptureStartView.swift */; };
		A10100000000000000000007 /* DashboardView.swift in Sources */ = {isa = PBXBuildFile; fileRef = A10200000000000000000007 /* DashboardView.swift */; };
		A10100000000000000000008 /* Components.swift in Sources */ = {isa = PBXBuildFile; fileRef = A10200000000000000000008 /* Components.swift */; };
		A10100000000000000000009 /* swinunet_web.onnx in Resources */ = {isa = PBXBuildFile; fileRef = A10200000000000000000009 /* swinunet_web.onnx */; };
		A1010000000000000000000A /* NystagmusSignalAnalysis.swift in Sources */ = {isa = PBXBuildFile; fileRef = A1020000000000000000000A /* NystagmusSignalAnalysis.swift */; };
		A1010000000000000000000B /* Assets.xcassets in Resources */ = {isa = PBXBuildFile; fileRef = A1020000000000000000000B /* Assets.xcassets */; };
		B10100000000000000000001 /* ONNXRuntimeGazeEstimator.swift in Sources */ = {isa = PBXBuildFile; fileRef = B10200000000000000000001 /* ONNXRuntimeGazeEstimator.swift */; };
		B10100000000000000000002 /* onnxruntime in Frameworks */ = {isa = PBXBuildFile; productRef = B10D00000000000000000001 /* onnxruntime */; };
		1F2E3E54FDE13003E2BFD9D3 /* MotionIMU.swift in Sources */ = {isa = PBXBuildFile; fileRef = 6681628A3D0B727F1AD55D37; };
		7332A73772128B4F44D3FAD7 /* IMUData.swift in Sources */ = {isa = PBXBuildFile; fileRef = 0FE71DDA26E067669BD76047; };
		B518E8E975805E4A61DB6AD5 /* BodyPose.swift in Sources */ = {isa = PBXBuildFile; fileRef = A2B599B16C68F880571F28BA; };
		0849CE20287D1CB579A35A8A /* BodyPoseDetector.swift in Sources */ = {isa = PBXBuildFile; fileRef = 9C827195F264DB83AC97BFAC; };
		3F369E52CE7A8CED581020EB /* pose_landmarker_heavy.task in Resources */ = {isa = PBXBuildFile; fileRef = 9AFBE9DA29EBA732677D64D0; };
		61012C491D98321753C3C0C8 /* mediapipe_segment_model_v1.json in Resources */ = {isa = PBXBuildFile; fileRef = FEABC2DE06B731A7FD74646A; };
		F108BCBD06DFEC24149A27BE /* sts_detection_v1.json in Resources */ = {isa = PBXBuildFile; fileRef = 7140B68DBAE09751849B3B80; };
		693DB18B2D89FA7C3E2A8F85 /* BodySegmentModel.swift in Sources */ = {isa = PBXBuildFile; fileRef = 2649FD364A27F213B5CB4AB4; };
		709163CC8222C1AB7DC7242B /* BodyStsAnalyzer.swift in Sources */ = {isa = PBXBuildFile; fileRef = 2E01AE1EB0F05C390038D316; };
		2D555E42DCED6571701CFD12 /* BodyVideoAnalysis.swift in Sources */ = {isa = PBXBuildFile; fileRef = 301A15BDDE905BF3101424FA; };
		4B22D95F198DC400404AF98D /* MotionCloud.swift in Sources */ = {isa = PBXBuildFile; fileRef = 62660E407F4EFB1B483EC150; };
		475DE105A1892AEDDD28B30E /* CloudRuntimeSmoke.swift in Sources */ = {isa = PBXBuildFile; fileRef = 1AA6EECDA5319AE61954970D; };
		2C1BAD2A4C91B81746863B07 /* BodyMotionMetrics.swift in Sources */ = {isa = PBXBuildFile; fileRef = 0C9B57E779803E9D76D4085C; };
		71E2C244ECAF1D4D2A58ECE1 /* BodyGaitMetrics.swift in Sources */ = {isa = PBXBuildFile; fileRef = 6D6A20A5891DB0DC2AB67740; };
		20E0719A827905FC74648C99 /* BodyMotionReportView.swift in Sources */ = {isa = PBXBuildFile; fileRef = 5BF34682C6EE0C26A639CE8C; };
/* End PBXBuildFile section */

/* Begin PBXFileReference section */
		19F3C72918B400C94556199C /* EyeRegionView.swift */ = {isa = PBXFileReference; lastKnownFileType = sourcecode.swift; path = EyeRegionView.swift; sourceTree = "<group>"; };
		292AB568E5BBBE8D691CDC41 /* Pods-HomeNystagmusMonitoriOS.debug.xcconfig */ = {isa = PBXFileReference; includeInIndex = 1; lastKnownFileType = text.xcconfig; name = "Pods-HomeNystagmusMonitoriOS.debug.xcconfig"; path = "Target Support Files/Pods-HomeNystagmusMonitoriOS/Pods-HomeNystagmusMonitoriOS.debug.xcconfig"; sourceTree = "<group>"; };
		2E4FE74FEF5D391ED94A424D /* Pods-HomeNystagmusMonitoriOS.release.xcconfig */ = {isa = PBXFileReference; includeInIndex = 1; lastKnownFileType = text.xcconfig; name = "Pods-HomeNystagmusMonitoriOS.release.xcconfig"; path = "Target Support Files/Pods-HomeNystagmusMonitoriOS/Pods-HomeNystagmusMonitoriOS.release.xcconfig"; sourceTree = "<group>"; };
		6166AAB26526CD2FFD6A0921 /* Pods_HomeNystagmusMonitoriOS.framework */ = {isa = PBXFileReference; explicitFileType = wrapper.framework; includeInIndex = 0; path = Pods_HomeNystagmusMonitoriOS.framework; sourceTree = BUILT_PRODUCTS_DIR; };
		6B25FADAB8CBD7BD5F9187D4 /* EyeRegion.swift */ = {isa = PBXFileReference; lastKnownFileType = sourcecode.swift; path = EyeRegion.swift; sourceTree = "<group>"; };
		A10200000000000000000001 /* HomeNystagmusMonitoriOSApp.swift */ = {isa = PBXFileReference; lastKnownFileType = sourcecode.swift; path = HomeNystagmusMonitoriOSApp.swift; sourceTree = "<group>"; };
		A10200000000000000000002 /* AnalysisModels.swift */ = {isa = PBXFileReference; lastKnownFileType = sourcecode.swift; path = AnalysisModels.swift; sourceTree = "<group>"; };
		A10200000000000000000003 /* VideoAnalysisService.swift */ = {isa = PBXFileReference; lastKnownFileType = sourcecode.swift; path = VideoAnalysisService.swift; sourceTree = "<group>"; };
		A10200000000000000000004 /* CameraVideoPicker.swift */ = {isa = PBXFileReference; lastKnownFileType = sourcecode.swift; path = CameraVideoPicker.swift; sourceTree = "<group>"; };
		A10200000000000000000005 /* ContentView.swift */ = {isa = PBXFileReference; lastKnownFileType = sourcecode.swift; path = ContentView.swift; sourceTree = "<group>"; };
		A10200000000000000000006 /* CaptureStartView.swift */ = {isa = PBXFileReference; lastKnownFileType = sourcecode.swift; path = CaptureStartView.swift; sourceTree = "<group>"; };
		A10200000000000000000007 /* DashboardView.swift */ = {isa = PBXFileReference; lastKnownFileType = sourcecode.swift; path = DashboardView.swift; sourceTree = "<group>"; };
		A10200000000000000000008 /* Components.swift */ = {isa = PBXFileReference; lastKnownFileType = sourcecode.swift; path = Components.swift; sourceTree = "<group>"; };
		A10200000000000000000009 /* swinunet_web.onnx */ = {isa = PBXFileReference; lastKnownFileType = file; path = swinunet_web.onnx; sourceTree = "<group>"; };
		A1020000000000000000000A /* NystagmusSignalAnalysis.swift */ = {isa = PBXFileReference; lastKnownFileType = sourcecode.swift; path = NystagmusSignalAnalysis.swift; sourceTree = "<group>"; };
		A1020000000000000000000B /* Assets.xcassets */ = {isa = PBXFileReference; lastKnownFileType = folder.assetcatalog; path = Assets.xcassets; sourceTree = "<group>"; };
		A10200000000000000000010 /* Info.plist */ = {isa = PBXFileReference; lastKnownFileType = text.plist.xml; path = Info.plist; sourceTree = "<group>"; };
		A10200000000000000000011 /* HomeNystagmusMonitoriOS.app */ = {isa = PBXFileReference; explicitFileType = wrapper.application; includeInIndex = 0; path = HomeNystagmusMonitoriOS.app; sourceTree = BUILT_PRODUCTS_DIR; };
		B10200000000000000000001 /* ONNXRuntimeGazeEstimator.swift */ = {isa = PBXFileReference; lastKnownFileType = sourcecode.swift; path = ONNXRuntimeGazeEstimator.swift; sourceTree = "<group>"; };
		6681628A3D0B727F1AD55D37 /* MotionIMU.swift */ = {isa = PBXFileReference; lastKnownFileType = sourcecode.swift; path = MotionIMU.swift; sourceTree = "<group>"; };
		0FE71DDA26E067669BD76047 /* IMUData.swift */ = {isa = PBXFileReference; lastKnownFileType = sourcecode.swift; path = IMUData.swift; sourceTree = "<group>"; };
		A2B599B16C68F880571F28BA /* BodyPose.swift */ = {isa = PBXFileReference; lastKnownFileType = sourcecode.swift; path = BodyPose.swift; sourceTree = "<group>"; };
		9C827195F264DB83AC97BFAC /* BodyPoseDetector.swift */ = {isa = PBXFileReference; lastKnownFileType = sourcecode.swift; path = BodyPoseDetector.swift; sourceTree = "<group>"; };
		9AFBE9DA29EBA732677D64D0 /* pose_landmarker_heavy.task */ = {isa = PBXFileReference; lastKnownFileType = file; path = pose_landmarker_heavy.task; sourceTree = "<group>"; };
		FEABC2DE06B731A7FD74646A /* mediapipe_segment_model_v1.json */ = {isa = PBXFileReference; lastKnownFileType = file; path = mediapipe_segment_model_v1.json; sourceTree = "<group>"; };
		7140B68DBAE09751849B3B80 /* sts_detection_v1.json */ = {isa = PBXFileReference; lastKnownFileType = file; path = sts_detection_v1.json; sourceTree = "<group>"; };
		2649FD364A27F213B5CB4AB4 /* BodySegmentModel.swift */ = {isa = PBXFileReference; lastKnownFileType = sourcecode.swift; path = BodySegmentModel.swift; sourceTree = "<group>"; };
		2E01AE1EB0F05C390038D316 /* BodyStsAnalyzer.swift */ = {isa = PBXFileReference; lastKnownFileType = sourcecode.swift; path = BodyStsAnalyzer.swift; sourceTree = "<group>"; };
		301A15BDDE905BF3101424FA /* BodyVideoAnalysis.swift */ = {isa = PBXFileReference; lastKnownFileType = sourcecode.swift; path = BodyVideoAnalysis.swift; sourceTree = "<group>"; };
		62660E407F4EFB1B483EC150 /* MotionCloud.swift */ = {isa = PBXFileReference; lastKnownFileType = sourcecode.swift; path = MotionCloud.swift; sourceTree = "<group>"; };
		1AA6EECDA5319AE61954970D /* CloudRuntimeSmoke.swift */ = {isa = PBXFileReference; lastKnownFileType = sourcecode.swift; path = CloudRuntimeSmoke.swift; sourceTree = "<group>"; };
		0C9B57E779803E9D76D4085C /* BodyMotionMetrics.swift */ = {isa = PBXFileReference; lastKnownFileType = sourcecode.swift; path = BodyMotionMetrics.swift; sourceTree = "<group>"; };
		6D6A20A5891DB0DC2AB67740 /* BodyGaitMetrics.swift */ = {isa = PBXFileReference; lastKnownFileType = sourcecode.swift; path = BodyGaitMetrics.swift; sourceTree = "<group>"; };
		5BF34682C6EE0C26A639CE8C /* BodyMotionReportView.swift */ = {isa = PBXFileReference; lastKnownFileType = sourcecode.swift; path = BodyMotionReportView.swift; sourceTree = "<group>"; };
/* End PBXFileReference section */

/* Begin PBXFrameworksBuildPhase section */
		A10300000000000000000001 /* Frameworks */ = {
			isa = PBXFrameworksBuildPhase;
			buildActionMask = 2147483647;
			files = (
				B10100000000000000000002 /* onnxruntime in Frameworks */,
				0897ED782FACA082317279F6 /* Pods_HomeNystagmusMonitoriOS.framework in Frameworks */,
			);
			runOnlyForDeploymentPostprocessing = 0;
		};
/* End PBXFrameworksBuildPhase section */

/* Begin PBXGroup section */
		052D478C3CDA1C6541911DBE /* Frameworks */ = {
			isa = PBXGroup;
			children = (
				6166AAB26526CD2FFD6A0921 /* Pods_HomeNystagmusMonitoriOS.framework */,
			);
			name = Frameworks;
			sourceTree = "<group>";
		};
		5AB123CEDB676A55A3CB4215 /* Pods */ = {
			isa = PBXGroup;
			children = (
				292AB568E5BBBE8D691CDC41 /* Pods-HomeNystagmusMonitoriOS.debug.xcconfig */,
				2E4FE74FEF5D391ED94A424D /* Pods-HomeNystagmusMonitoriOS.release.xcconfig */,
			);
			name = Pods;
			path = Pods;
			sourceTree = "<group>";
		};
		A10400000000000000000001 = {
			isa = PBXGroup;
			children = (
				A10400000000000000000002 /* HomeNystagmusMonitoriOS */,
				A10400000000000000000007 /* Products */,
				5AB123CEDB676A55A3CB4215 /* Pods */,
				052D478C3CDA1C6541911DBE /* Frameworks */,
			);
			sourceTree = "<group>";
		};
		A10400000000000000000002 /* HomeNystagmusMonitoriOS */ = {
			isa = PBXGroup;
			children = (
				A10200000000000000000001 /* HomeNystagmusMonitoriOSApp.swift */,
				A10400000000000000000003 /* Models */,
				A10400000000000000000004 /* Services */,
				A10400000000000000000005 /* Views */,
				A10400000000000000000006 /* Resources */,
			);
			path = HomeNystagmusMonitoriOS;
			sourceTree = "<group>";
		};
		A10400000000000000000003 /* Models */ = {
			isa = PBXGroup;
			children = (
				A2B599B16C68F880571F28BA /* BodyPose.swift */,
				0FE71DDA26E067669BD76047 /* IMUData.swift */,
				6B25FADAB8CBD7BD5F9187D4 /* EyeRegion.swift */,
				A10200000000000000000002 /* AnalysisModels.swift */,
			);
			path = Models;
			sourceTree = "<group>";
		};
		A10400000000000000000004 /* Services */ = {
			isa = PBXGroup;
			children = (
				6D6A20A5891DB0DC2AB67740 /* BodyGaitMetrics.swift */,
				0C9B57E779803E9D76D4085C /* BodyMotionMetrics.swift */,
				1AA6EECDA5319AE61954970D /* CloudRuntimeSmoke.swift */,
				62660E407F4EFB1B483EC150 /* MotionCloud.swift */,
				301A15BDDE905BF3101424FA /* BodyVideoAnalysis.swift */,
				2E01AE1EB0F05C390038D316 /* BodyStsAnalyzer.swift */,
				2649FD364A27F213B5CB4AB4 /* BodySegmentModel.swift */,
				9C827195F264DB83AC97BFAC /* BodyPoseDetector.swift */,
				6681628A3D0B727F1AD55D37 /* MotionIMU.swift */,
				A10200000000000000000003 /* VideoAnalysisService.swift */,
				A10200000000000000000004 /* CameraVideoPicker.swift */,
				B10200000000000000000001 /* ONNXRuntimeGazeEstimator.swift */,
				A1020000000000000000000A /* NystagmusSignalAnalysis.swift */,
			);
			path = Services;
			sourceTree = "<group>";
		};
		A10400000000000000000005 /* Views */ = {
			isa = PBXGroup;
			children = (
				5BF34682C6EE0C26A639CE8C /* BodyMotionReportView.swift */,
				19F3C72918B400C94556199C /* EyeRegionView.swift */,
				A10200000000000000000005 /* ContentView.swift */,
				A10200000000000000000006 /* CaptureStartView.swift */,
				A10200000000000000000007 /* DashboardView.swift */,
				A10200000000000000000008 /* Components.swift */,
			);
			path = Views;
			sourceTree = "<group>";
		};
		A10400000000000000000006 /* Resources */ = {
			isa = PBXGroup;
			children = (
				7140B68DBAE09751849B3B80 /* sts_detection_v1.json */,
				FEABC2DE06B731A7FD74646A /* mediapipe_segment_model_v1.json */,
				9AFBE9DA29EBA732677D64D0 /* pose_landmarker_heavy.task */,
				A10200000000000000000010 /* Info.plist */,
				A10200000000000000000009 /* swinunet_web.onnx */,
				A1020000000000000000000B /* Assets.xcassets */,
			);
			path = Resources;
			sourceTree = "<group>";
		};
		A10400000000000000000007 /* Products */ = {
			isa = PBXGroup;
			children = (
				A10200000000000000000011 /* HomeNystagmusMonitoriOS.app */,
			);
			name = Products;
			sourceTree = "<group>";
		};
/* End PBXGroup section */

/* Begin PBXNativeTarget section */
		A10500000000000000000001 /* HomeNystagmusMonitoriOS */ = {
			isa = PBXNativeTarget;
			buildConfigurationList = A10900000000000000000002 /* Build configuration list for PBXNativeTarget "HomeNystagmusMonitoriOS" */;
			buildPhases = (
				CA320891203BE2A2FDA278D9 /* [CP] Check Pods Manifest.lock */,
				A10600000000000000000001 /* Sources */,
				A10300000000000000000001 /* Frameworks */,
				A10700000000000000000001 /* Resources */,
			);
			buildRules = (
			);
			dependencies = (
			);
			name = HomeNystagmusMonitoriOS;
			packageProductDependencies = (
				B10D00000000000000000001 /* onnxruntime */,
			);
			productName = HomeNystagmusMonitoriOS;
			productReference = A10200000000000000000011 /* HomeNystagmusMonitoriOS.app */;
			productType = "com.apple.product-type.application";
		};
/* End PBXNativeTarget section */

/* Begin PBXProject section */
		A10800000000000000000001 /* Project object */ = {
			isa = PBXProject;
			attributes = {
				BuildIndependentTargetsInParallel = 1;
				LastSwiftUpdateCheck = 1600;
				LastUpgradeCheck = 1600;
				TargetAttributes = {
					A10500000000000000000001 = {
						CreatedOnToolsVersion = 16.0;
					};
				};
			};
			buildConfigurationList = A10900000000000000000001 /* Build configuration list for PBXProject "HomeNystagmusMonitoriOS" */;
			compatibilityVersion = "Xcode 14.0";
			developmentRegion = en;
			hasScannedForEncodings = 0;
			knownRegions = (
				en,
				Base,
			);
			mainGroup = A10400000000000000000001;
			packageReferences = (
				B10C00000000000000000001 /* XCRemoteSwiftPackageReference "onnxruntime-swift-package-manager" */,
			);
			productRefGroup = A10400000000000000000007 /* Products */;
			projectDirPath = "";
			projectRoot = "";
			targets = (
				A10500000000000000000001 /* HomeNystagmusMonitoriOS */,
			);
		};
/* End PBXProject section */

/* Begin PBXResourcesBuildPhase section */
		A10700000000000000000001 /* Resources */ = {
			isa = PBXResourcesBuildPhase;
			buildActionMask = 2147483647;
			files = (
				F108BCBD06DFEC24149A27BE /* sts_detection_v1.json in Resources */,
				61012C491D98321753C3C0C8 /* mediapipe_segment_model_v1.json in Resources */,
				3F369E52CE7A8CED581020EB /* pose_landmarker_heavy.task in Resources */,
				A10100000000000000000009 /* swinunet_web.onnx in Resources */,
				A1010000000000000000000B /* Assets.xcassets in Resources */,
			);
			runOnlyForDeploymentPostprocessing = 0;
		};
/* End PBXResourcesBuildPhase section */

/* Begin PBXShellScriptBuildPhase section */
		CA320891203BE2A2FDA278D9 /* [CP] Check Pods Manifest.lock */ = {
			isa = PBXShellScriptBuildPhase;
			buildActionMask = 2147483647;
			files = (
			);
			inputFileListPaths = (
			);
			inputPaths = (
				"${PODS_PODFILE_DIR_PATH}/Podfile.lock",
				"${PODS_ROOT}/Manifest.lock",
			);
			name = "[CP] Check Pods Manifest.lock";
			outputFileListPaths = (
			);
			outputPaths = (
				"$(DERIVED_FILE_DIR)/Pods-HomeNystagmusMonitoriOS-checkManifestLockResult.txt",
			);
			runOnlyForDeploymentPostprocessing = 0;
			shellPath = /bin/sh;
			shellScript = "diff \"${PODS_PODFILE_DIR_PATH}/Podfile.lock\" \"${PODS_ROOT}/Manifest.lock\" > /dev/null\nif [ $? != 0 ] ; then\n    # print error to STDERR\n    echo \"error: The sandbox is not in sync with the Podfile.lock. Run 'pod install' or update your CocoaPods installation.\" >&2\n    exit 1\nfi\n# This output is used by Xcode 'outputs' to avoid re-running this script phase.\necho \"SUCCESS\" > \"${SCRIPT_OUTPUT_FILE_0}\"\n";
			showEnvVarsInLog = 0;
		};
/* End PBXShellScriptBuildPhase section */

/* Begin PBXSourcesBuildPhase section */
		A10600000000000000000001 /* Sources */ = {
			isa = PBXSourcesBuildPhase;
			buildActionMask = 2147483647;
			files = (
				20E0719A827905FC74648C99 /* BodyMotionReportView.swift in Sources */,
				71E2C244ECAF1D4D2A58ECE1 /* BodyGaitMetrics.swift in Sources */,
				2C1BAD2A4C91B81746863B07 /* BodyMotionMetrics.swift in Sources */,
				475DE105A1892AEDDD28B30E /* CloudRuntimeSmoke.swift in Sources */,
				4B22D95F198DC400404AF98D /* MotionCloud.swift in Sources */,
				2D555E42DCED6571701CFD12 /* BodyVideoAnalysis.swift in Sources */,
				709163CC8222C1AB7DC7242B /* BodyStsAnalyzer.swift in Sources */,
				693DB18B2D89FA7C3E2A8F85 /* BodySegmentModel.swift in Sources */,
				0849CE20287D1CB579A35A8A /* BodyPoseDetector.swift in Sources */,
				B518E8E975805E4A61DB6AD5 /* BodyPose.swift in Sources */,
				7332A73772128B4F44D3FAD7 /* IMUData.swift in Sources */,
				1F2E3E54FDE13003E2BFD9D3 /* MotionIMU.swift in Sources */,
				230C8D9B790C4EC7C84787E2 /* EyeRegionView.swift in Sources */,
				389EDB8807AAB41A08D8898A /* EyeRegion.swift in Sources */,
				A10100000000000000000001 /* HomeNystagmusMonitoriOSApp.swift in Sources */,
				A10100000000000000000002 /* AnalysisModels.swift in Sources */,
				A10100000000000000000003 /* VideoAnalysisService.swift in Sources */,
				A10100000000000000000004 /* CameraVideoPicker.swift in Sources */,
				B10100000000000000000001 /* ONNXRuntimeGazeEstimator.swift in Sources */,
				A1010000000000000000000A /* NystagmusSignalAnalysis.swift in Sources */,
				A10100000000000000000005 /* ContentView.swift in Sources */,
				A10100000000000000000006 /* CaptureStartView.swift in Sources */,
				A10100000000000000000007 /* DashboardView.swift in Sources */,
				A10100000000000000000008 /* Components.swift in Sources */,
			);
			runOnlyForDeploymentPostprocessing = 0;
		};
/* End PBXSourcesBuildPhase section */

/* Begin XCBuildConfiguration section */
		A10A00000000000000000001 /* Debug */ = {
			isa = XCBuildConfiguration;
			buildSettings = {
				ALWAYS_SEARCH_USER_PATHS = NO;
				CLANG_ANALYZER_NONNULL = YES;
				CLANG_ANALYZER_NUMBER_OBJECT_CONVERSION = YES_AGGRESSIVE;
				CLANG_CXX_LANGUAGE_STANDARD = "gnu++20";
				CLANG_ENABLE_MODULES = YES;
				CLANG_ENABLE_OBJC_ARC = YES;
				CLANG_ENABLE_OBJC_WEAK = YES;
				CLANG_WARN_BLOCK_CAPTURE_AUTORELEASING = YES;
				CLANG_WARN_BOOL_CONVERSION = YES;
				CLANG_WARN_COMMA = YES;
				CLANG_WARN_CONSTANT_CONVERSION = YES;
				CLANG_WARN_DEPRECATED_OBJC_IMPLEMENTATIONS = YES;
				CLANG_WARN_DIRECT_OBJC_ISA_USAGE = YES_ERROR;
				CLANG_WARN_DOCUMENTATION_COMMENTS = YES;
				CLANG_WARN_EMPTY_BODY = YES;
				CLANG_WARN_ENUM_CONVERSION = YES;
				CLANG_WARN_INFINITE_RECURSION = YES;
				CLANG_WARN_INT_CONVERSION = YES;
				CLANG_WARN_NON_LITERAL_NULL_CONVERSION = YES;
				CLANG_WARN_OBJC_IMPLICIT_RETAIN_SELF = YES;
				CLANG_WARN_OBJC_LITERAL_CONVERSION = YES;
				CLANG_WARN_OBJC_ROOT_CLASS = YES_ERROR;
				CLANG_WARN_QUOTED_INCLUDE_IN_FRAMEWORK_HEADER = YES;
				CLANG_WARN_RANGE_LOOP_ANALYSIS = YES;
				CLANG_WARN_STRICT_PROTOTYPES = YES;
				CLANG_WARN_SUSPICIOUS_MOVE = YES;
				CLANG_WARN_UNGUARDED_AVAILABILITY = YES_AGGRESSIVE;
				CLANG_WARN_UNREACHABLE_CODE = YES;
				CLANG_WARN__DUPLICATE_METHOD_MATCH = YES;
				COPY_PHASE_STRIP = NO;
				DEBUG_INFORMATION_FORMAT = dwarf;
				ENABLE_STRICT_OBJC_MSGSEND = YES;
				ENABLE_TESTABILITY = YES;
				ENABLE_USER_SCRIPT_SANDBOXING = YES;
				GCC_C_LANGUAGE_STANDARD = gnu17;
				GCC_DYNAMIC_NO_PIC = NO;
				GCC_NO_COMMON_BLOCKS = YES;
				GCC_OPTIMIZATION_LEVEL = 0;
				GCC_PREPROCESSOR_DEFINITIONS = (
					"DEBUG=1",
					"$(inherited)",
				);
				GCC_WARN_64_TO_32_BIT_CONVERSION = YES;
				GCC_WARN_ABOUT_RETURN_TYPE = YES_ERROR;
				GCC_WARN_UNDECLARED_SELECTOR = YES;
				GCC_WARN_UNINITIALIZED_AUTOS = YES_AGGRESSIVE;
				GCC_WARN_UNUSED_FUNCTION = YES;
				GCC_WARN_UNUSED_VARIABLE = YES;
				IPHONEOS_DEPLOYMENT_TARGET = 17.0;
				MTL_ENABLE_DEBUG_INFO = INCLUDE_SOURCE;
				MTL_FAST_MATH = YES;
				ONLY_ACTIVE_ARCH = YES;
				SDKROOT = iphoneos;
				SWIFT_ACTIVE_COMPILATION_CONDITIONS = DEBUG;
				SWIFT_OPTIMIZATION_LEVEL = "-Onone";
			};
			name = Debug;
		};
		A10A00000000000000000002 /* Release */ = {
			isa = XCBuildConfiguration;
			buildSettings = {
				ALWAYS_SEARCH_USER_PATHS = NO;
				CLANG_ANALYZER_NONNULL = YES;
				CLANG_ANALYZER_NUMBER_OBJECT_CONVERSION = YES_AGGRESSIVE;
				CLANG_CXX_LANGUAGE_STANDARD = "gnu++20";
				CLANG_ENABLE_MODULES = YES;
				CLANG_ENABLE_OBJC_ARC = YES;
				CLANG_ENABLE_OBJC_WEAK = YES;
				CLANG_WARN_BLOCK_CAPTURE_AUTORELEASING = YES;
				CLANG_WARN_BOOL_CONVERSION = YES;
				CLANG_WARN_COMMA = YES;
				CLANG_WARN_CONSTANT_CONVERSION = YES;
				CLANG_WARN_DEPRECATED_OBJC_IMPLEMENTATIONS = YES;
				CLANG_WARN_DIRECT_OBJC_ISA_USAGE = YES_ERROR;
				CLANG_WARN_DOCUMENTATION_COMMENTS = YES;
				CLANG_WARN_EMPTY_BODY = YES;
				CLANG_WARN_ENUM_CONVERSION = YES;
				CLANG_WARN_INFINITE_RECURSION = YES;
				CLANG_WARN_INT_CONVERSION = YES;
				CLANG_WARN_NON_LITERAL_NULL_CONVERSION = YES;
				CLANG_WARN_OBJC_IMPLICIT_RETAIN_SELF = YES;
				CLANG_WARN_OBJC_LITERAL_CONVERSION = YES;
				CLANG_WARN_OBJC_ROOT_CLASS = YES_ERROR;
				CLANG_WARN_QUOTED_INCLUDE_IN_FRAMEWORK_HEADER = YES;
				CLANG_WARN_RANGE_LOOP_ANALYSIS = YES;
				CLANG_WARN_STRICT_PROTOTYPES = YES;
				CLANG_WARN_SUSPICIOUS_MOVE = YES;
				CLANG_WARN_UNGUARDED_AVAILABILITY = YES_AGGRESSIVE;
				CLANG_WARN_UNREACHABLE_CODE = YES;
				CLANG_WARN__DUPLICATE_METHOD_MATCH = YES;
				COPY_PHASE_STRIP = NO;
				DEBUG_INFORMATION_FORMAT = "dwarf-with-dsym";
				ENABLE_NS_ASSERTIONS = NO;
				ENABLE_STRICT_OBJC_MSGSEND = YES;
				ENABLE_USER_SCRIPT_SANDBOXING = YES;
				GCC_C_LANGUAGE_STANDARD = gnu17;
				GCC_NO_COMMON_BLOCKS = YES;
				GCC_WARN_64_TO_32_BIT_CONVERSION = YES;
				GCC_WARN_ABOUT_RETURN_TYPE = YES_ERROR;
				GCC_WARN_UNDECLARED_SELECTOR = YES;
				GCC_WARN_UNINITIALIZED_AUTOS = YES_AGGRESSIVE;
				GCC_WARN_UNUSED_FUNCTION = YES;
				GCC_WARN_UNUSED_VARIABLE = YES;
				IPHONEOS_DEPLOYMENT_TARGET = 17.0;
				MTL_ENABLE_DEBUG_INFO = NO;
				MTL_FAST_MATH = YES;
				SDKROOT = iphoneos;
				SWIFT_COMPILATION_MODE = wholemodule;
				SWIFT_OPTIMIZATION_LEVEL = "-O";
				VALIDATE_PRODUCT = YES;
			};
			name = Release;
		};
		A10A00000000000000000003 /* Debug */ = {
			isa = XCBuildConfiguration;
			baseConfigurationReference = 292AB568E5BBBE8D691CDC41 /* Pods-HomeNystagmusMonitoriOS.debug.xcconfig */;
			buildSettings = {
				ASSETCATALOG_COMPILER_APPICON_NAME = AppIcon;
				CODE_SIGN_STYLE = Automatic;
				CURRENT_PROJECT_VERSION = 1;
				DEVELOPMENT_ASSET_PATHS = "";
				DEVELOPMENT_TEAM = 949ZMC2D2T;
				GENERATE_INFOPLIST_FILE = NO;
				INFOPLIST_FILE = HomeNystagmusMonitoriOS/Resources/Info.plist;
				INFOPLIST_KEY_UIApplicationSupportsIndirectInputEvents = YES;
				IPHONEOS_DEPLOYMENT_TARGET = 17.0;
				LD_RUNPATH_SEARCH_PATHS = (
					"$(inherited)",
					"@executable_path/Frameworks",
				);
				MARKETING_VERSION = 1.0;
				PRODUCT_BUNDLE_IDENTIFIER = com.kk.HomeNystagmusMonitorIPhone;
				PRODUCT_NAME = "$(TARGET_NAME)";
				SUPPORTED_PLATFORMS = "iphoneos iphonesimulator";
				SUPPORTS_MACCATALYST = NO;
				SUPPORTS_MAC_DESIGNED_FOR_IPHONE_IPAD = NO;
				SWIFT_EMIT_LOC_STRINGS = YES;
				SWIFT_VERSION = 5.0;
				TARGETED_DEVICE_FAMILY = "1,2";
			};
			name = Debug;
		};
		A10A00000000000000000004 /* Release */ = {
			isa = XCBuildConfiguration;
			baseConfigurationReference = 2E4FE74FEF5D391ED94A424D /* Pods-HomeNystagmusMonitoriOS.release.xcconfig */;
			buildSettings = {
				ASSETCATALOG_COMPILER_APPICON_NAME = AppIcon;
				CODE_SIGN_STYLE = Automatic;
				CURRENT_PROJECT_VERSION = 1;
				DEVELOPMENT_TEAM = 949ZMC2D2T;
				GENERATE_INFOPLIST_FILE = NO;
				INFOPLIST_FILE = HomeNystagmusMonitoriOS/Resources/Info.plist;
				INFOPLIST_KEY_UIApplicationSupportsIndirectInputEvents = YES;
				IPHONEOS_DEPLOYMENT_TARGET = 17.0;
				LD_RUNPATH_SEARCH_PATHS = (
					"$(inherited)",
					"@executable_path/Frameworks",
				);
				MARKETING_VERSION = 1.0;
				PRODUCT_BUNDLE_IDENTIFIER = com.kk.HomeNystagmusMonitorIPhone;
				PRODUCT_NAME = "$(TARGET_NAME)";
				SUPPORTED_PLATFORMS = "iphoneos iphonesimulator";
				SUPPORTS_MACCATALYST = NO;
				SUPPORTS_MAC_DESIGNED_FOR_IPHONE_IPAD = NO;
				SWIFT_EMIT_LOC_STRINGS = YES;
				SWIFT_VERSION = 5.0;
				TARGETED_DEVICE_FAMILY = "1,2";
				VALIDATE_PRODUCT = YES;
			};
			name = Release;
		};
/* End XCBuildConfiguration section */

/* Begin XCConfigurationList section */
		A10900000000000000000001 /* Build configuration list for PBXProject "HomeNystagmusMonitoriOS" */ = {
			isa = XCConfigurationList;
			buildConfigurations = (
				A10A00000000000000000001 /* Debug */,
				A10A00000000000000000002 /* Release */,
			);
			defaultConfigurationIsVisible = 0;
			defaultConfigurationName = Release;
		};
		A10900000000000000000002 /* Build configuration list for PBXNativeTarget "HomeNystagmusMonitoriOS" */ = {
			isa = XCConfigurationList;
			buildConfigurations = (
				A10A00000000000000000003 /* Debug */,
				A10A00000000000000000004 /* Release */,
			);
			defaultConfigurationIsVisible = 0;
			defaultConfigurationName = Release;
		};
/* End XCConfigurationList section */

/* Begin XCRemoteSwiftPackageReference section */
		B10C00000000000000000001 /* XCRemoteSwiftPackageReference "onnxruntime-swift-package-manager" */ = {
			isa = XCRemoteSwiftPackageReference;
			repositoryURL = "https://github.com/microsoft/onnxruntime-swift-package-manager.git";
			requirement = {
				kind = exactVersion;
				version = 1.24.2;
			};
		};
/* End XCRemoteSwiftPackageReference section */

/* Begin XCSwiftPackageProductDependency section */
		B10D00000000000000000001 /* onnxruntime */ = {
			isa = XCSwiftPackageProductDependency;
			package = B10C00000000000000000001 /* XCRemoteSwiftPackageReference "onnxruntime-swift-package-manager" */;
			productName = onnxruntime;
		};
/* End XCSwiftPackageProductDependency section */
	};
	rootObject = A10800000000000000000001 /* Project object */;
}
